
Microsoft Visual Studio Solution File, Format Version 12.00
# Visual Studio Version 16
VisualStudioVersion = 16.0.30907.101
MinimumVisualStudioVersion = 10.0.40219.1
Project("{9A19103F-16F7-4668-BE54-9A1E7A4F7556}") = "DateAccess", "DateAccess\DateAccess.csproj", "{9B958F08-9984-43B8-AA88-D9225CACF832}"
EndProject
Project("{9A19103F-16F7-4668-BE54-9A1E7A4F7556}") = "Busines", "Busines\Busines.csproj", "{901DD992-C8D9-4A81-AE80-D6C93746981E}"
EndProject
Project("{9A19103F-16F7-4668-BE54-9A1E7A4F7556}") = "Entities", "Entities\Entities.csproj", "{A9DC788C-7246-41C2-89F3-8501A45FDA80}"
EndProject
Project("{9A19103F-16F7-4668-BE54-9A1E7A4F7556}") = "ConsoleUI", "ConsoleUI\ConsoleUI.csproj", "{795ADBEE-62E1-495A-AAFE-D5916A55F12B}"
EndProject
Project("{9A19103F-16F7-4668-BE54-9A1E7A4F7556}") = "Core", "Core\Core.csproj", "{5F7E0E58-4238-4A40-8939-873E1180D444}"
EndProject
Project("{FAE04EC0-301F-11D3-BF4B-00C04F79EFBC}") = "WebAPI", "WebAPI\WebAPI.csproj", "{D2185BC4-448E-40FF-BA83-854913D4977D}"
EndProject
Global
	GlobalSection(SolutionConfigurationPlatforms) = preSolution
		Debug|Any CPU = Debug|Any CPU
		Release|Any CPU = Release|Any CPU
	EndGlobalSection
	GlobalSection(ProjectConfigurationPlatforms) = postSolution
		{9B958F08-9984-43B8-AA88-D9225CACF832}.Debug|Any CPU.ActiveCfg = Debug|Any CPU
		{9B958F08-9984-43B8-AA88-D9225CACF832}.Debug|Any CPU.Build.0 = Debug|Any CPU
		{9B958F08-9984-43B8-AA88-D9225CACF832}.Release|Any CPU.ActiveCfg = Release|Any CPU
		{9B958F08-9984-43B8-AA88-D9225CACF832}.Release|Any CPU.Build.0 = Release|Any CPU
		{901DD992-C8D9-4A81-AE80-D6C93746981E}.Debug|Any CPU.ActiveCfg = Debug|Any CPU
		{901DD992-C8D9-4A81-AE80-D6C93746981E}.Debug|Any CPU.Build.0 = Debug|Any CPU
		{901DD992-C8D9-4A81-AE80-D6C93746981E}.Release|Any CPU.ActiveCfg = Release|Any CPU
		{901DD992-C8D9-4A81-AE80-D6C93746981E}.Release|Any CPU.Build.0 = Release|Any CPU
		{A9DC788C-7246-41C2-89F3-8501A45FDA80}.Debug|Any CPU.ActiveCfg = Debug|Any CPU
		{A9DC788C-7246-41C2-89F3-8501A45FDA80}.Debug|Any CPU.Build.0 = Debug|Any CPU
		{A9DC788C-7246-41C2-89F3-8501A45FDA80}.Release|Any CPU.ActiveCfg = Release|Any CPU
		{A9DC788C-7246-41C2-89F3-8501A45FDA80}.Release|Any CPU.Build.0 = Release|Any CPU
		{795ADBEE-62E1-495A-AAFE-D5916A55F12B}.Debug|Any CPU.ActiveCfg = Debug|Any CPU
		{795ADBEE-62E1-495A-AAFE-D5916A55F12B}.Debug|Any CPU.Build.0 = Debug|Any CPU
		{795ADBEE-62E1-495A-AAFE-D5916A55F12B}.Release|Any CPU.ActiveCfg = Release|Any CPU
		{795ADBEE-62E1-495A-AAFE-D5916A55F12B}.Release|Any CPU.Build.0 = Release|Any CPU
		{5F7E0E58-4238-4A40-8939-873E1180D444}.Debug|Any CPU.ActiveCfg = Debug|Any CPU
		{5F7E0E58-4238-4A40-8939-873E1180D444}.Debug|Any CPU.Build.0 = Debug|Any CPU
		{5F7E0E58-4238-4A40-8939-873E1180D444}.Release|Any CPU.ActiveCfg = Release|Any CPU
		{5F7E0E58-4238-4A40-8939-873E1180D444}.Release|Any CPU.Build.0 = Release|Any CPU
		{D2185BC4-448E-40FF-BA83-854913D4977D}.Debug|Any CPU.ActiveCfg = Debug|Any CPU
		{D2185BC4-448E-40FF-BA83-854913D4977D}.Debug|Any CPU.Build.0 = Debug|Any CPU
		{D2185BC4-448E-40FF-BA83-854913D4977D}.Release|Any CPU.ActiveCfg = Release|Any CPU
		{D2185BC4-448E-40FF-BA83-854913D4977D}.Release|Any CPU.Build.0 = Release|Any CPU
	EndGlobalSection
	GlobalSection(SolutionProperties) = preSolution
		HideSolutionNode = FALSE
	EndGlobalSection
	GlobalSection(ExtensibilityGlobals) = postSolution
		SolutionGuid = {0EEA2AF3-9A49-4070-8994-DCD8A25B0394}
	EndGlobalSection
EndGlobal
